// !$*UTF8*$!
{
	archiveVersion = 1;
	classes = {
	};
	objectVersion = 56;
	objects = {

/* Begin PBXBuildFile section */
		AE8481512A0FDA3000C69F69 /* AppDelegate.swift in Sources */ = {isa = PBXBuildFile; fileRef = AE8481502A0FDA3000C69F69 /* AppDelegate.swift */; };
		AE8481532A0FDA3000C69F69 /* SceneDelegate.swift in Sources */ = {isa = PBXBuildFile; fileRef = AE8481522A0FDA3000C69F69 /* SceneDelegate.swift */; };
		AE8481552A0FDA3000C69F69 /* ViewController.swift in Sources */ = {isa = PBXBuildFile; fileRef = AE8481542A0FDA3000C69F69 /* ViewController.swift */; };
		AE8481582A0FDA3000C69F69 /* Main.storyboard in Resources */ = {isa = PBXBuildFile; fileRef = AE8481562A0FDA3000C69F69 /* Main.storyboard */; };
		AE84815A2A0FDA3100C69F69 /* Assets.xcassets in Resources */ = {isa = PBXBuildFile; fileRef = AE8481592A0FDA3100C69F69 /* Assets.xcassets */; };
		AE84815D2A0FDA3100C69F69 /* LaunchScreen.storyboard in Resources */ = {isa = PBXBuildFile; fileRef = AE84815B2A0FDA3100C69F69 /* LaunchScreen.storyboard */; };
/* End PBXBuildFile section */

/* Begin PBXFileReference section */
		AE84814D2A0FDA3000C69F69 /* UICollectionViewProgrammatic.app */ = {isa = PBXFileReference; explicitFileType = wrapper.application; includeInIndex = 0; path = UICollectionViewProgrammatic.app; sourceTree = BUILT_PRODUCTS_DIR; };
		AE8481502A0FDA3000C69F69 /* AppDelegate.swift */ = {isa = PBXFileReference; lastKnownFileType = sourcecode.swift; path = AppDelegate.swift; sourceTree = "<group>"; };
		AE8481522A0FDA3000C69F69 /* SceneDelegate.swift */ = {isa = PBXFileReference; lastKnownFileType = sourcecode.swift; path = SceneDelegate.swift; sourceTree = "<group>"; };
		AE8481542A0FDA3000C69F69 /* ViewController.swift */ = {isa = PBXFileReference; lastKnownFileType = sourcecode.swift; path = ViewController.swift; sourceTree = "<group>"; };
		AE8481572A0FDA3000C69F69 /* Base */ = {isa = PBXFileReference; lastKnownFileType = file.storyboard; name = Base; path = Base.lproj/Main.storyboard; sourceTree = "<group>"; };
		AE8481592A0FDA3100C69F69 /* Assets.xcassets */ = {isa = PBXFileReference; lastKnownFileType = folder.assetcatalog; path = Assets.xcassets; sourceTree = "<group>"; };
		AE84815C2A0FDA3100C69F69 /* Base */ = {isa = PBXFileReference; lastKnownFileType = file.storyboard; name = Base; path = Base.lproj/LaunchScreen.storyboard; sourceTree = "<group>"; };
		AE84815E2A0FDA3100C69F69 /* Info.plist */ = {isa = PBXFileReference; lastKnownFileType = text.plist.xml; path = Info.plist; sourceTree = "<group>"; };
/* End PBXFileReference section */

/* Begin PBXFrameworksBuildPhase section */
		AE84814A2A0FDA3000C69F69 /* Frameworks */ = {
			isa = PBXFrameworksBuildPhase;
			buildActionMask = 2147483647;
			files = (
			);
			runOnlyForDeploymentPostprocessing = 0;
		};
/* End PBXFrameworksBuildPhase section */

/* Begin PBXGroup section */
		AE8481442A0FDA3000C69F69 = {
			isa = PBXGroup;
			children = (
				AE84814F2A0FDA3000C69F69 /* UICollectionViewProgrammatic */,
				AE84814E2A0FDA3000C69F69 /* Products */,
			);
			sourceTree = "<group>";
		};
		AE84814E2A0FDA3000C69F69 /* Products */ = {
			isa = PBXGroup;
			children = (
				AE84814D2A0FDA3000C69F69 /* UICollectionViewProgrammatic.app */,
			);
			name = Products;
			sourceTree = "<group>";
		};
		AE84814F2A0FDA3000C69F69 /* UICollectionViewProgrammatic */ = {
			isa = PBXGroup;
			children = (
				AE8481502A0FDA3000C69F69 /* AppDelegate.swift */,
				AE8481522A0FDA3000C69F69 /* SceneDelegate.swift */,
				AE8481542A0FDA3000C69F69 /* ViewController.swift */,
				AE8481562A0FDA3000C69F69 /* Main.storyboard */,
				AE8481592A0FDA3100C69F69 /* Assets.xcassets */,
				AE84815B2A0FDA3100C69F69 /* LaunchScreen.storyboard */,
				AE84815E2A0FDA3100C69F69 /* Info.plist */,
			);
			path = UICollectionViewProgrammatic;
			sourceTree = "<group>";
		};
/* End PBXGroup section */

/* Begin PBXNativeTarget section */
		AE84814C2A0FDA3000C69F69 /* UICollectionViewProgrammatic */ = {
			isa = PBXNativeTarget;
			buildConfigurationList = AE8481612A0FDA3100C69F69 /* Build configuration list for PBXNativeTarget "UICollectionViewProgrammatic" */;
			buildPhases = (
				AE8481492A0FDA3000C69F69 /* Sources */,
				AE84814A2A0FDA3000C69F69 /* Frameworks */,
				AE84814B2A0FDA3000C69F69 /* Resources */,
			);
			buildRules = (
			);
			dependencies = (
			);
			name = UICollectionViewProgrammatic;
			productName = UICollectionViewProgrammatic;
			productReference = AE84814D2A0FDA3000C69F69 /* UICollectionViewProgrammatic.app */;
			productType = "com.apple.product-type.application";
		};
/* End PBXNativeTarget section */

/* Begin PBXProject section */
		AE8481452A0FDA3000C69F69 /* Project object */ = {
			isa = PBXProject;
			attributes = {
				BuildIndependentTargetsInParallel = 1;
				LastSwiftUpdateCheck = 1430;
				LastUpgradeCheck = 1430;
				TargetAttributes = {
					AE84814C2A0FDA3000C69F69 = {
						CreatedOnToolsVersion = 14.3;
					};
				};
			};
			buildConfigurationList = AE8481482A0FDA3000C69F69 /* Build configuration list for PBXProject "UICollectionViewProgrammatic" */;
			compatibilityVersion = "Xcode 14.0";
			developmentRegion = en;
			hasScannedForEncodings = 0;
			knownRegions = (
				en,
				Base,
			);
			mainGroup = AE8481442A0FDA3000C69F69;
			productRefGroup = AE84814E2A0FDA3000C69F69 /* Products */;
			projectDirPath = "";
			projectRoot = "";
			targets = (
				AE84814C2A0FDA3000C69F69 /* UICollectionViewProgrammatic */,
			);
		};
/* End PBXProject section */

/* Begin PBXResourcesBuildPhase section */
		AE84814B2A0FDA3000C69F69 /* Resources */ = {
			isa = PBXResourcesBuildPhase;
			buildActionMask = 2147483647;
			files = (
				AE84815D2A0FDA3100C69F69 /* LaunchScreen.storyboard in Resources */,
				AE84815A2A0FDA3100C69F69 /* Assets.xcassets in Resources */,
				AE8481582A0FDA3000C69F69 /* Main.storyboard in Resources */,
			);
			runOnlyForDeploymentPostprocessing = 0;
		};
/* End PBXResourcesBuildPhase section */

/* Begin PBXSourcesBuildPhase section */
		AE8481492A0FDA3000C69F69 /* Sources */ = {
			isa = PBXSourcesBuildPhase;
			buildActionMask = 2147483647;
			files = (
				AE8481552A0FDA3000C69F69 /* ViewController.swift in Sources */,
				AE8481512A0FDA3000C69F69 /* AppDelegate.swift in Sources */,
				AE8481532A0FDA3000C69F69 /* SceneDelegate.swift in Sources */,
			);
			runOnlyForDeploymentPostprocessing = 0;
		};
/* End PBXSourcesBuildPhase section */

/* Begin PBXVariantGroup section */
		AE8481562A0FDA3000C69F69 /* Main.storyboard */ = {
			isa = PBXVariantGroup;
			children = (
				AE8481572A0FDA3000C69F69 /* Base */,
			);
			name = Main.storyboard;
			sourceTree = "<group>";
		};
		AE84815B2A0FDA3100C69F69 /* LaunchScreen.storyboard */ = {
			isa = PBXVariantGroup;
			children = (
				AE84815C2A0FDA3100C69F69 /* Base */,
			);
			name = LaunchScreen.storyboard;
			sourceTree = "<group>";
		};
/* End PBXVariantGroup section */

/* Begin XCBuildConfiguration section */
		AE84815F2A0FDA3100C69F69 /* Debug */ = {
			isa = XCBuildConfiguration;
			buildSettings = {
				ALWAYS_SEARCH_USER_PATHS = NO;
				CLANG_ANALYZER_NONNULL = YES;
				CLANG_ANALYZER_NUMBER_OBJECT_CONVERSION = YES_AGGRESSIVE;
				CLANG_CXX_LANGUAGE_STANDARD = "gnu++20";
				CLANG_ENABLE_MODULES = YES;
				CLANG_ENABLE_OBJC_ARC = YES;
				CLANG_ENABLE_OBJC_WEAK = YES;
				CLANG_WARN_BLOCK_CAPTURE_AUTORELEASING = YES;
				CLANG_WARN_BOOL_CONVERSION = YES;
				CLANG_WARN_COMMA = YES;
				CLANG_WARN_CONSTANT_CONVERSION = YES;
				CLANG_WARN_DEPRECATED_OBJC_IMPLEMENTATIONS = YES;
				CLANG_WARN_DIRECT_OBJC_ISA_USAGE = YES_ERROR;
				CLANG_WARN_DOCUMENTATION_COMMENTS = YES;
				CLANG_WARN_EMPTY_BODY = YES;
				CLANG_WARN_ENUM_CONVERSION = YES;
				CLANG_WARN_INFINITE_RECURSION = YES;
				CLANG_WARN_INT_CONVERSION = YES;
				CLANG_WARN_NON_LITERAL_NULL_CONVERSION = YES;
				CLANG_WARN_OBJC_IMPLICIT_RETAIN_SELF = YES;
				CLANG_WARN_OBJC_LITERAL_CONVERSION = YES;
				CLANG_WARN_OBJC_ROOT_CLASS = YES_ERROR;
				CLANG_WARN_QUOTED_INCLUDE_IN_FRAMEWORK_HEADER = YES;
				CLANG_WARN_RANGE_LOOP_ANALYSIS = YES;
				CLANG_WARN_STRICT_PROTOTYPES = YES;
				CLANG_WARN_SUSPICIOUS_MOVE = YES;
				CLANG_WARN_UNGUARDED_AVAILABILITY = YES_AGGRESSIVE;
				CLANG_WARN_UNREACHABLE_CODE = YES;
				CLANG_WARN__DUPLICATE_METHOD_MATCH = YES;
				COPY_PHASE_STRIP = NO;
				DEBUG_INFORMATION_FORMAT = dwarf;
				ENABLE_STRICT_OBJC_MSGSEND = YES;
				ENABLE_TESTABILITY = YES;
				GCC_C_LANGUAGE_STANDARD = gnu11;
				GCC_DYNAMIC_NO_PIC = NO;
				GCC_NO_COMMON_BLOCKS = YES;
				GCC_OPTIMIZATION_LEVEL = 0;
				GCC_PREPROCESSOR_DEFINITIONS = (
					"DEBUG=1",
					"$(inherited)",
				);
				GCC_WARN_64_TO_32_BIT_CONVERSION = YES;
				GCC_WARN_ABOUT_RETURN_TYPE = YES_ERROR;
				GCC_WARN_UNDECLARED_SELECTOR = YES;
				GCC_WARN_UNINITIALIZED_AUTOS = YES_AGGRESSIVE;
				GCC_WARN_UNUSED_FUNCTION = YES;
				GCC_WARN_UNUSED_VARIABLE = YES;
				IPHONEOS_DEPLOYMENT_TARGET = 16.4;
				MTL_ENABLE_DEBUG_INFO = INCLUDE_SOURCE;
				MTL_FAST_MATH = YES;
				ONLY_ACTIVE_ARCH = YES;
				SDKROOT = iphoneos;
				SWIFT_ACTIVE_COMPILATION_CONDITIONS = DEBUG;
				SWIFT_OPTIMIZATION_LEVEL = "-Onone";
			};
			name = Debug;
		};
		AE8481602A0FDA3100C69F69 /* Release */ = {
			isa = XCBuildConfiguration;
			buildSettings = {
				ALWAYS_SEARCH_USER_PATHS = NO;
				CLANG_ANALYZER_NONNULL = YES;
				CLANG_ANALYZER_NUMBER_OBJECT_CONVERSION = YES_AGGRESSIVE;
				CLANG_CXX_LANGUAGE_STANDARD = "gnu++20";
				CLANG_ENABLE_MODULES = YES;
				CLANG_ENABLE_OBJC_ARC = YES;
				CLANG_ENABLE_OBJC_WEAK = YES;
				CLANG_WARN_BLOCK_CAPTURE_AUTORELEASING = YES;
				CLANG_WARN_BOOL_CONVERSION = YES;
				CLANG_WARN_COMMA = YES;
				CLANG_WARN_CONSTANT_CONVERSION = YES;
				CLANG_WARN_DEPRECATED_OBJC_IMPLEMENTATIONS = YES;
				CLANG_WARN_DIRECT_OBJC_ISA_USAGE = YES_ERROR;
				CLANG_WARN_DOCUMENTATION_COMMENTS = YES;
				CLANG_WARN_EMPTY_BODY = YES;
				CLANG_WARN_ENUM_CONVERSION = YES;
				CLANG_WARN_INFINITE_RECURSION = YES;
				CLANG_WARN_INT_CONVERSION = YES;
				CLANG_WARN_NON_LITERAL_NULL_CONVERSION = YES;
				CLANG_WARN_OBJC_IMPLICIT_RETAIN_SELF = YES;
				CLANG_WARN_OBJC_LITERAL_CONVERSION = YES;
				CLANG_WARN_OBJC_ROOT_CLASS = YES_ERROR;
				CLANG_WARN_QUOTED_INCLUDE_IN_FRAMEWORK_HEADER = YES;
				CLANG_WARN_RANGE_LOOP_ANALYSIS = YES;
				CLANG_WARN_STRICT_PROTOTYPES = YES;
				CLANG_WARN_SUSPICIOUS_MOVE = YES;
				CLANG_WARN_UNGUARDED_AVAILABILITY = YES_AGGRESSIVE;
				CLANG_WARN_UNREACHABLE_CODE = YES;
				CLANG_WARN__DUPLICATE_METHOD_MATCH = YES;
				COPY_PHASE_STRIP = NO;
				DEBUG_INFORMATION_FORMAT = "dwarf-with-dsym";
				ENABLE_NS_ASSERTIONS = NO;
				ENABLE_STRICT_OBJC_MSGSEND = YES;
				GCC_C_LANGUAGE_STANDARD = gnu11;
				GCC_NO_COMMON_BLOCKS = YES;
				GCC_WARN_64_TO_32_BIT_CONVERSION = YES;
				GCC_WARN_ABOUT_RETURN_TYPE = YES_ERROR;
				GCC_WARN_UNDECLARED_SELECTOR = YES;
				GCC_WARN_UNINITIALIZED_AUTOS = YES_AGGRESSIVE;
				GCC_WARN_UNUSED_FUNCTION = YES;
				GCC_WARN_UNUSED_VARIABLE = YES;
				IPHONEOS_DEPLOYMENT_TARGET = 16.4;
				MTL_ENABLE_DEBUG_INFO = NO;
				MTL_FAST_MATH = YES;
				SDKROOT = iphoneos;
				SWIFT_COMPILATION_MODE = wholemodule;
				SWIFT_OPTIMIZATION_LEVEL = "-O";
				VALIDATE_PRODUCT = YES;
			};
			name = Release;
		};
		AE8481622A0FDA3100C69F69 /* Debug */ = {
			isa = XCBuildConfiguration;
			buildSettings = {
				ASSETCATALOG_COMPILER_APPICON_NAME = AppIcon;
				ASSETCATALOG_COMPILER_GLOBAL_ACCENT_COLOR_NAME = AccentColor;
				CODE_SIGN_STYLE = Automatic;
				CURRENT_PROJECT_VERSION = 1;
				DEVELOPMENT_TEAM = J6767NCB7S;
				GENERATE_INFOPLIST_FILE = YES;
				INFOPLIST_FILE = UICollectionViewProgrammatic/Info.plist;
				INFOPLIST_KEY_UIApplicationSupportsIndirectInputEvents = YES;
				INFOPLIST_KEY_UILaunchStoryboardName = LaunchScreen;
				INFOPLIST_KEY_UIMainStoryboardFile = Main;
				INFOPLIST_KEY_UISupportedInterfaceOrientations_iPad = "UIInterfaceOrientationPortrait UIInterfaceOrientationPortraitUpsideDown UIInterfaceOrientationLandscapeLeft UIInterfaceOrientationLandscapeRight";
				INFOPLIST_KEY_UISupportedInterfaceOrientations_iPhone = "UIInterfaceOrientationPortrait UIInterfaceOrientationLandscapeLeft UIInterfaceOrientationLandscapeRight";
				LD_RUNPATH_SEARCH_PATHS = (
					"$(inherited)",
					"@executable_path/Frameworks",
				);
				MARKETING_VERSION = 1.0;
				PRODUCT_BUNDLE_IDENTIFIER = com.serdaraltindas.UICollectionViewProgrammatic;
				PRODUCT_NAME = "$(TARGET_NAME)";
				SWIFT_EMIT_LOC_STRINGS = YES;
				SWIFT_VERSION = 5.0;
				TARGETED_DEVICE_FAMILY = "1,2";
			};
			name = Debug;
		};
		AE8481632A0FDA3100C69F69 /* Release */ = {
			isa = XCBuildConfiguration;
			buildSettings = {
				ASSETCATALOG_COMPILER_APPICON_NAME = AppIcon;
				ASSETCATALOG_COMPILER_GLOBAL_ACCENT_COLOR_NAME = AccentColor;
				CODE_SIGN_STYLE = Automatic;
				CURRENT_PROJECT_VERSION = 1;
				DEVELOPMENT_TEAM = J6767NCB7S;
				GENERATE_INFOPLIST_FILE = YES;
				INFOPLIST_FILE = UICollectionViewProgrammatic/Info.plist;
				INFOPLIST_KEY_UIApplicationSupportsIndirectInputEvents = YES;
				INFOPLIST_KEY_UILaunchStoryboardName = LaunchScreen;
				INFOPLIST_KEY_UIMainStoryboardFile = Main;
				INFOPLIST_KEY_UISupportedInterfaceOrientations_iPad = "UIInterfaceOrientationPortrait UIInterfaceOrientationPortraitUpsideDown UIInterfaceOrientationLandscapeLeft UIInterfaceOrientationLandscapeRight";
				INFOPLIST_KEY_UISupportedInterfaceOrientations_iPhone = "UIInterfaceOrientationPortrait UIInterfaceOrientationLandscapeLeft UIInterfaceOrientationLandscapeRight";
				LD_RUNPATH_SEARCH_PATHS = (
					"$(inherited)",
					"@executable_path/Frameworks",
				);
				MARKETING_VERSION = 1.0;
				PRODUCT_BUNDLE_IDENTIFIER = com.serdaraltindas.UICollectionViewProgrammatic;
				PRODUCT_NAME = "$(TARGET_NAME)";
				SWIFT_EMIT_LOC_STRINGS = YES;
				SWIFT_VERSION = 5.0;
				TARGETED_DEVICE_FAMILY = "1,2";
			};
			name = Release;
		};
/* End XCBuildConfiguration section */

/* Begin XCConfigurationList section */
		AE8481482A0FDA3000C69F69 /* Build configuration list for PBXProject "UICollectionViewProgrammatic" */ = {
			isa = XCConfigurationList;
			buildConfigurations = (
				AE84815F2A0FDA3100C69F69 /* Debug */,
				AE8481602A0FDA3100C69F69 /* Release */,
			);
			defaultConfigurationIsVisible = 0;
			defaultConfigurationName = Release;
		};
		AE8481612A0FDA3100C69F69 /* Build configuration list for PBXNativeTarget "UICollectionViewProgrammatic" */ = {
			isa = XCConfigurationList;
			buildConfigurations = (
				AE8481622A0FDA3100C69F69 /* Debug */,
				AE8481632A0FDA3100C69F69 /* Release */,
			);
			defaultConfigurationIsVisible = 0;
			defaultConfigurationName = Release;
		};
/* End XCConfigurationList section */
	};
	rootObject = AE8481452A0FDA3000C69F69 /* Project object */;
}
